
Microsoft Visual Studio Solution File, Format Version 12.00
# Visual Studio 15
VisualStudioVersion = 15.0.26730.12
MinimumVisualStudioVersion = 10.0.40219.1
Project("{9A19103F-16F7-4668-BE54-9A1E7A4F7556}") = "ObservableCollectionEx", "ObservableCollectionEx\ObservableCollectionEx.csproj", "{8743156C-E04F-4B10-80CC-BD219444A3FF}"
EndProject
Project("{2150E333-8FDC-42A3-9474-1A3956D46DE8}") = "Solution Items", "Solution Items", "{B19B7683-A367-42B4-8C2D-111604EEA3A0}"
	ProjectSection(SolutionItems) = preProject
		appveyor.yml = appveyor.yml
		LICENSE = LICENSE
	EndProjectSection
EndProject
Project("{FAE04EC0-301F-11D3-BF4B-00C04F79EFBC}") = "UnitTests", "UnitTests\UnitTests.csproj", "{3CFF72A8-5991-41F5-A1CF-EC0022625F6A}"
EndProject
Global
	GlobalSection(SolutionConfigurationPlatforms) = preSolution
		Debug|Any CPU = Debug|Any CPU
		Release|Any CPU = Release|Any CPU
	EndGlobalSection
	GlobalSection(ProjectConfigurationPlatforms) = postSolution
		{8743156C-E04F-4B10-80CC-BD219444A3FF}.Debug|Any CPU.ActiveCfg = Debug|Any CPU
		{8743156C-E04F-4B10-80CC-BD219444A3FF}.Debug|Any CPU.Build.0 = Debug|Any CPU
		{8743156C-E04F-4B10-80CC-BD219444A3FF}.Release|Any CPU.ActiveCfg = Release|Any CPU
		{8743156C-E04F-4B10-80CC-BD219444A3FF}.Release|Any CPU.Build.0 = Release|Any CPU
		{3CFF72A8-5991-41F5-A1CF-EC0022625F6A}.Debug|Any CPU.ActiveCfg = Debug|Any CPU
		{3CFF72A8-5991-41F5-A1CF-EC0022625F6A}.Debug|Any CPU.Build.0 = Debug|Any CPU
		{3CFF72A8-5991-41F5-A1CF-EC0022625F6A}.Release|Any CPU.ActiveCfg = Release|Any CPU
		{3CFF72A8-5991-41F5-A1CF-EC0022625F6A}.Release|Any CPU.Build.0 = Release|Any CPU
	EndGlobalSection
	GlobalSection(SolutionProperties) = preSolution
		HideSolutionNode = FALSE
	EndGlobalSection
	GlobalSection(ExtensibilityGlobals) = postSolution
		SolutionGuid = {1000DFD5-F14B-45DA-99B0-094E183B0DF7}
	EndGlobalSection
EndGlobal
