
Microsoft Visual Studio Solution File, Format Version 11.00
# Visual Studio 2010
Project("{FAE04EC0-301F-11D3-BF4B-00C04F79EFBC}") = "ObservableCollectionEx", "Source\ObservableCollectionEx\ObservableCollectionEx.csproj", "{55E779BD-CFCB-4738-99B0-38990B382C12}"
EndProject
Project("{FAE04EC0-301F-11D3-BF4B-00C04F79EFBC}") = "PerformanceTest", "Tests\PerformanceTest\PerformanceTest.csproj", "{F0F785CE-EC96-45ED-BEC6-26F07754D57F}"
EndProject
Project("{FAE04EC0-301F-11D3-BF4B-00C04F79EFBC}") = "UnitTests", "Tests\UnitTests\UnitTests.csproj", "{952096AD-09F9-4053-B84D-712105D8B40C}"
EndProject
Project("{2150E333-8FDC-42A3-9474-1A3956D46DE8}") = "Solution Items", "Solution Items", "{84B671FB-C3E9-4181-B1D1-97F35874CACB}"
	ProjectSection(SolutionItems) = preProject
		Local.testsettings = Local.testsettings
		ObservableCollectionEx.vsmdi = ObservableCollectionEx.vsmdi
		TraceAndTestImpact.testsettings = TraceAndTestImpact.testsettings
	EndProjectSection
EndProject
Project("{FAE04EC0-301F-11D3-BF4B-00C04F79EFBC}") = "CollectionViewTest", "Tests\CollectionViewTest\CollectionViewTest.csproj", "{F4E84204-FA7D-464C-A435-777BACC4D17B}"
EndProject
Global
	GlobalSection(SubversionScc) = preSolution
		Svn-Managed = True
		Manager = AnkhSVN - Subversion Support for Visual Studio
	EndGlobalSection
	GlobalSection(TestCaseManagementSettings) = postSolution
		CategoryFile = ObservableCollectionEx.vsmdi
	EndGlobalSection
	GlobalSection(SolutionConfigurationPlatforms) = preSolution
		Debug|Any CPU = Debug|Any CPU
		Debug|Mixed Platforms = Debug|Mixed Platforms
		Debug|x86 = Debug|x86
		Release|Any CPU = Release|Any CPU
		Release|Mixed Platforms = Release|Mixed Platforms
		Release|x86 = Release|x86
	EndGlobalSection
	GlobalSection(ProjectConfigurationPlatforms) = postSolution
		{55E779BD-CFCB-4738-99B0-38990B382C12}.Debug|Any CPU.ActiveCfg = Debug|Any CPU
		{55E779BD-CFCB-4738-99B0-38990B382C12}.Debug|Any CPU.Build.0 = Debug|Any CPU
		{55E779BD-CFCB-4738-99B0-38990B382C12}.Debug|Mixed Platforms.ActiveCfg = Debug|Any CPU
		{55E779BD-CFCB-4738-99B0-38990B382C12}.Debug|Mixed Platforms.Build.0 = Debug|Any CPU
		{55E779BD-CFCB-4738-99B0-38990B382C12}.Debug|x86.ActiveCfg = Debug|Any CPU
		{55E779BD-CFCB-4738-99B0-38990B382C12}.Release|Any CPU.ActiveCfg = Release|Any CPU
		{55E779BD-CFCB-4738-99B0-38990B382C12}.Release|Any CPU.Build.0 = Release|Any CPU
		{55E779BD-CFCB-4738-99B0-38990B382C12}.Release|Mixed Platforms.ActiveCfg = Release|Any CPU
		{55E779BD-CFCB-4738-99B0-38990B382C12}.Release|Mixed Platforms.Build.0 = Release|Any CPU
		{55E779BD-CFCB-4738-99B0-38990B382C12}.Release|x86.ActiveCfg = Release|Any CPU
		{F0F785CE-EC96-45ED-BEC6-26F07754D57F}.Debug|Any CPU.ActiveCfg = Debug|x86
		{F0F785CE-EC96-45ED-BEC6-26F07754D57F}.Debug|Mixed Platforms.ActiveCfg = Debug|x86
		{F0F785CE-EC96-45ED-BEC6-26F07754D57F}.Debug|Mixed Platforms.Build.0 = Debug|x86
		{F0F785CE-EC96-45ED-BEC6-26F07754D57F}.Debug|x86.ActiveCfg = Debug|x86
		{F0F785CE-EC96-45ED-BEC6-26F07754D57F}.Debug|x86.Build.0 = Debug|x86
		{F0F785CE-EC96-45ED-BEC6-26F07754D57F}.Release|Any CPU.ActiveCfg = Release|x86
		{F0F785CE-EC96-45ED-BEC6-26F07754D57F}.Release|Mixed Platforms.ActiveCfg = Release|x86
		{F0F785CE-EC96-45ED-BEC6-26F07754D57F}.Release|Mixed Platforms.Build.0 = Release|x86
		{F0F785CE-EC96-45ED-BEC6-26F07754D57F}.Release|x86.ActiveCfg = Release|x86
		{F0F785CE-EC96-45ED-BEC6-26F07754D57F}.Release|x86.Build.0 = Release|x86
		{952096AD-09F9-4053-B84D-712105D8B40C}.Debug|Any CPU.ActiveCfg = Debug|Any CPU
		{952096AD-09F9-4053-B84D-712105D8B40C}.Debug|Any CPU.Build.0 = Debug|Any CPU
		{952096AD-09F9-4053-B84D-712105D8B40C}.Debug|Mixed Platforms.ActiveCfg = Debug|Any CPU
		{952096AD-09F9-4053-B84D-712105D8B40C}.Debug|Mixed Platforms.Build.0 = Debug|Any CPU
		{952096AD-09F9-4053-B84D-712105D8B40C}.Debug|x86.ActiveCfg = Debug|Any CPU
		{952096AD-09F9-4053-B84D-712105D8B40C}.Release|Any CPU.ActiveCfg = Release|Any CPU
		{952096AD-09F9-4053-B84D-712105D8B40C}.Release|Any CPU.Build.0 = Release|Any CPU
		{952096AD-09F9-4053-B84D-712105D8B40C}.Release|Mixed Platforms.ActiveCfg = Release|Any CPU
		{952096AD-09F9-4053-B84D-712105D8B40C}.Release|Mixed Platforms.Build.0 = Release|Any CPU
		{952096AD-09F9-4053-B84D-712105D8B40C}.Release|x86.ActiveCfg = Release|Any CPU
		{F4E84204-FA7D-464C-A435-777BACC4D17B}.Debug|Any CPU.ActiveCfg = Debug|x86
		{F4E84204-FA7D-464C-A435-777BACC4D17B}.Debug|Mixed Platforms.ActiveCfg = Debug|x86
		{F4E84204-FA7D-464C-A435-777BACC4D17B}.Debug|Mixed Platforms.Build.0 = Debug|x86
		{F4E84204-FA7D-464C-A435-777BACC4D17B}.Debug|x86.ActiveCfg = Debug|x86
		{F4E84204-FA7D-464C-A435-777BACC4D17B}.Debug|x86.Build.0 = Debug|x86
		{F4E84204-FA7D-464C-A435-777BACC4D17B}.Release|Any CPU.ActiveCfg = Release|x86
		{F4E84204-FA7D-464C-A435-777BACC4D17B}.Release|Mixed Platforms.ActiveCfg = Release|x86
		{F4E84204-FA7D-464C-A435-777BACC4D17B}.Release|Mixed Platforms.Build.0 = Release|x86
		{F4E84204-FA7D-464C-A435-777BACC4D17B}.Release|x86.ActiveCfg = Release|x86
		{F4E84204-FA7D-464C-A435-777BACC4D17B}.Release|x86.Build.0 = Release|x86
	EndGlobalSection
	GlobalSection(SolutionProperties) = preSolution
		HideSolutionNode = FALSE
	EndGlobalSection
EndGlobal
